
Microsoft Visual Studio Solution File, Format Version 12.00
# Visual Studio Version 16
VisualStudioVersion = 16.0.31005.135
MinimumVisualStudioVersion = 10.0.40219.1
Project("{FAE04EC0-301F-11D3-BF4B-00C04F79EFBC}") = "CarRentalApp", "CarRentalApp\CarRentalApp.csproj", "{BBA0710E-A8FD-435F-934D-18DB1C9F2F8A}"
EndProject
Project("{FAE04EC0-301F-11D3-BF4B-00C04F79EFBC}") = "frontend", "frontend\frontend.csproj", "{A340CD53-93F4-413E-AFF8-F4727520F327}"
	ProjectSection(ProjectDependencies) = postProject
		{BBA0710E-A8FD-435F-934D-18DB1C9F2F8A} = {BBA0710E-A8FD-435F-934D-18DB1C9F2F8A}
	EndProjectSection
EndProject
Global
	GlobalSection(SolutionConfigurationPlatforms) = preSolution
		Debug|Any CPU = Debug|Any CPU
		Release|Any CPU = Release|Any CPU
	EndGlobalSection
	GlobalSection(ProjectConfigurationPlatforms) = postSolution
		{BBA0710E-A8FD-435F-934D-18DB1C9F2F8A}.Debug|Any CPU.ActiveCfg = Debug|Any CPU
		{BBA0710E-A8FD-435F-934D-18DB1C9F2F8A}.Debug|Any CPU.Build.0 = Debug|Any CPU
		{BBA0710E-A8FD-435F-934D-18DB1C9F2F8A}.Release|Any CPU.ActiveCfg = Release|Any CPU
		{BBA0710E-A8FD-435F-934D-18DB1C9F2F8A}.Release|Any CPU.Build.0 = Release|Any CPU
		{A340CD53-93F4-413E-AFF8-F4727520F327}.Debug|Any CPU.ActiveCfg = Debug|Any CPU
		{A340CD53-93F4-413E-AFF8-F4727520F327}.Debug|Any CPU.Build.0 = Debug|Any CPU
		{A340CD53-93F4-413E-AFF8-F4727520F327}.Release|Any CPU.ActiveCfg = Release|Any CPU
		{A340CD53-93F4-413E-AFF8-F4727520F327}.Release|Any CPU.Build.0 = Release|Any CPU
	EndGlobalSection
	GlobalSection(SolutionProperties) = preSolution
		HideSolutionNode = FALSE
	EndGlobalSection
	GlobalSection(ExtensibilityGlobals) = postSolution
		SolutionGuid = {9CA34D65-5A86-4A4C-92B6-E4952EBC83B5}
	EndGlobalSection
EndGlobal
